// !$*UTF8*$!
{
	archiveVersion = 1;
	classes = {
	};
	objectVersion = 55;
	objects = {

/* Begin PBXBuildFile section */
		462B498427B6B21600737E45 /* Sequence-Sorting.swift in Sources */ = {isa = PBXBuildFile; fileRef = 462B498327B6B21600737E45 /* Sequence-Sorting.swift */; };
		462DD69227B9B0C100DF6E11 /* SelectSomethingView.swift in Sources */ = {isa = PBXBuildFile; fileRef = 462DD69127B9B0C100DF6E11 /* SelectSomethingView.swift */; };
		462DD69427B9B43C00DF6E11 /* Bundle-Decodable.swift in Sources */ = {isa = PBXBuildFile; fileRef = 462DD69327B9B43C00DF6E11 /* Bundle-Decodable.swift */; };
		462F9B4927B011EF00EFE901 /* Binding-OnChange.swift in Sources */ = {isa = PBXBuildFile; fileRef = 462F9B4827B011EF00EFE901 /* Binding-OnChange.swift */; };
		4634C1BD27B34DF400D0D317 /* EditProjectView.swift in Sources */ = {isa = PBXBuildFile; fileRef = 4634C1BC27B34DF400D0D317 /* EditProjectView.swift */; };
		4636941227AAA81A0088C9C5 /* Item-CoreDataHelpers.swift in Sources */ = {isa = PBXBuildFile; fileRef = 4636941127AAA81A0088C9C5 /* Item-CoreDataHelpers.swift */; };
		4636941427AAA9050088C9C5 /* Project-CoreDataHelpers.swift in Sources */ = {isa = PBXBuildFile; fileRef = 4636941327AAA9050088C9C5 /* Project-CoreDataHelpers.swift */; };
		46387EF427888DF5006A38A4 /* HomeView.swift in Sources */ = {isa = PBXBuildFile; fileRef = 46387EF327888DF5006A38A4 /* HomeView.swift */; };
		46387EF627888E67006A38A4 /* ProjectView.swift in Sources */ = {isa = PBXBuildFile; fileRef = 46387EF527888E67006A38A4 /* ProjectView.swift */; };
		463A125027BF0488003828B4 /* Color-Addition.swift in Sources */ = {isa = PBXBuildFile; fileRef = 463A124F27BF0488003828B4 /* Color-Addition.swift */; };
		46405F1727AD6740009DA1F7 /* EditItemView.swift in Sources */ = {isa = PBXBuildFile; fileRef = 46405F1627AD6740009DA1F7 /* EditItemView.swift */; };
		46405F1927AD75E2009DA1F7 /* ItemRowView.swift in Sources */ = {isa = PBXBuildFile; fileRef = 46405F1827AD75E2009DA1F7 /* ItemRowView.swift */; };
		4644F33327C8F1770096B1EC /* ItemListView.swift in Sources */ = {isa = PBXBuildFile; fileRef = 4644F33227C8F1770096B1EC /* ItemListView.swift */; };
		4644F33527C8F28F0096B1EC /* ProjectSummaryView.swift in Sources */ = {isa = PBXBuildFile; fileRef = 4644F33427C8F28F0096B1EC /* ProjectSummaryView.swift */; };
		4649861D27BD3D3300EBCEA8 /* Award.swift in Sources */ = {isa = PBXBuildFile; fileRef = 4649861C27BD3D3300EBCEA8 /* Award.swift */; };
		4649861F27BD3DC800EBCEA8 /* AwardsView.swift in Sources */ = {isa = PBXBuildFile; fileRef = 4649861E27BD3DC800EBCEA8 /* AwardsView.swift */; };
		46498B2227CECBC400461C04 /* UltimatePortfolioTests.swift in Sources */ = {isa = PBXBuildFile; fileRef = 46498B2127CECBC400461C04 /* UltimatePortfolioTests.swift */; };
		46498B2927CECD3900461C04 /* AssetTests.swift in Sources */ = {isa = PBXBuildFile; fileRef = 46498B2827CECD3900461C04 /* AssetTests.swift */; };
		46498B2B27CFB67200461C04 /* ProjectTests.swift in Sources */ = {isa = PBXBuildFile; fileRef = 46498B2A27CFB67200461C04 /* ProjectTests.swift */; };
		46498B2D27CFB91A00461C04 /* AwardTests.swift in Sources */ = {isa = PBXBuildFile; fileRef = 46498B2C27CFB91A00461C04 /* AwardTests.swift */; };
		464AB13127B2AD4600837D9C /* ProjectHeaderView.swift in Sources */ = {isa = PBXBuildFile; fileRef = 464AB13027B2AD4600837D9C /* ProjectHeaderView.swift */; };
		464AB13327B2B03200837D9C /* Colors.xcassets in Resources */ = {isa = PBXBuildFile; fileRef = 464AB13227B2B03200837D9C /* Colors.xcassets */; };
		4657ED9E27C1FC01004A062C /* Localizable.strings in Resources */ = {isa = PBXBuildFile; fileRef = 4657EDA027C1FC01004A062C /* Localizable.strings */; };
		4657EDA227C20ED3004A062C /* Localizable.stringsdict in Resources */ = {isa = PBXBuildFile; fileRef = 4657EDA427C20ED3004A062C /* Localizable.stringsdict */; };
		4657EDA627C20FAB004A062C /* Awards.json in Resources */ = {isa = PBXBuildFile; fileRef = 4657EDA827C20FAB004A062C /* Awards.json */; };
		4675E95227D0E55600899430 /* DevelopmentTests.swift in Sources */ = {isa = PBXBuildFile; fileRef = 4675E95127D0E55600899430 /* DevelopmentTests.swift */; };
		469001082786BDA700D0E6AF /* UltimatePortfolioApp.swift in Sources */ = {isa = PBXBuildFile; fileRef = 469001072786BDA700D0E6AF /* UltimatePortfolioApp.swift */; };
		4690010A2786BDA700D0E6AF /* ContentView.swift in Sources */ = {isa = PBXBuildFile; fileRef = 469001092786BDA700D0E6AF /* ContentView.swift */; };
		4690010C2786BDA800D0E6AF /* Assets.xcassets in Resources */ = {isa = PBXBuildFile; fileRef = 4690010B2786BDA800D0E6AF /* Assets.xcassets */; };
		4690010F2786BDA800D0E6AF /* Preview Assets.xcassets in Resources */ = {isa = PBXBuildFile; fileRef = 4690010E2786BDA800D0E6AF /* Preview Assets.xcassets */; };
		469001172786C16700D0E6AF /* Main.xcdatamodeld in Sources */ = {isa = PBXBuildFile; fileRef = 469001152786C16700D0E6AF /* Main.xcdatamodeld */; };
		469001192786C60800D0E6AF /* DataController.swift in Sources */ = {isa = PBXBuildFile; fileRef = 469001182786C60800D0E6AF /* DataController.swift */; };
		4690011E2786CCCC00D0E6AF /* CloudKit.framework in Frameworks */ = {isa = PBXBuildFile; fileRef = 4690011D2786CCCC00D0E6AF /* CloudKit.framework */; };
/* End PBXBuildFile section */

/* Begin PBXContainerItemProxy section */
		46498B2327CECBC400461C04 /* PBXContainerItemProxy */ = {
			isa = PBXContainerItemProxy;
			containerPortal = 469000FC2786BDA700D0E6AF /* Project object */;
			proxyType = 1;
			remoteGlobalIDString = 469001032786BDA700D0E6AF;
			remoteInfo = UltimatePortfolio;
		};
/* End PBXContainerItemProxy section */

/* Begin PBXFileReference section */
		462B498327B6B21600737E45 /* Sequence-Sorting.swift */ = {isa = PBXFileReference; lastKnownFileType = sourcecode.swift; path = "Sequence-Sorting.swift"; sourceTree = "<group>"; };
		462DD69127B9B0C100DF6E11 /* SelectSomethingView.swift */ = {isa = PBXFileReference; lastKnownFileType = sourcecode.swift; path = SelectSomethingView.swift; sourceTree = "<group>"; };
		462DD69327B9B43C00DF6E11 /* Bundle-Decodable.swift */ = {isa = PBXFileReference; lastKnownFileType = sourcecode.swift; path = "Bundle-Decodable.swift"; sourceTree = "<group>"; };
		462F9B4827B011EF00EFE901 /* Binding-OnChange.swift */ = {isa = PBXFileReference; lastKnownFileType = sourcecode.swift; path = "Binding-OnChange.swift"; sourceTree = "<group>"; };
		4634C1BC27B34DF400D0D317 /* EditProjectView.swift */ = {isa = PBXFileReference; lastKnownFileType = sourcecode.swift; path = EditProjectView.swift; sourceTree = "<group>"; };
		4636941127AAA81A0088C9C5 /* Item-CoreDataHelpers.swift */ = {isa = PBXFileReference; lastKnownFileType = sourcecode.swift; path = "Item-CoreDataHelpers.swift"; sourceTree = "<group>"; };
		4636941327AAA9050088C9C5 /* Project-CoreDataHelpers.swift */ = {isa = PBXFileReference; lastKnownFileType = sourcecode.swift; path = "Project-CoreDataHelpers.swift"; sourceTree = "<group>"; usesTabs = 0; };
		46387EF327888DF5006A38A4 /* HomeView.swift */ = {isa = PBXFileReference; lastKnownFileType = sourcecode.swift; path = HomeView.swift; sourceTree = "<group>"; };
		46387EF527888E67006A38A4 /* ProjectView.swift */ = {isa = PBXFileReference; lastKnownFileType = sourcecode.swift; path = ProjectView.swift; sourceTree = "<group>"; };
		463A124F27BF0488003828B4 /* Color-Addition.swift */ = {isa = PBXFileReference; lastKnownFileType = sourcecode.swift; path = "Color-Addition.swift"; sourceTree = "<group>"; };
		46405F1627AD6740009DA1F7 /* EditItemView.swift */ = {isa = PBXFileReference; lastKnownFileType = sourcecode.swift; path = EditItemView.swift; sourceTree = "<group>"; };
		46405F1827AD75E2009DA1F7 /* ItemRowView.swift */ = {isa = PBXFileReference; lastKnownFileType = sourcecode.swift; path = ItemRowView.swift; sourceTree = "<group>"; };
		4644F33227C8F1770096B1EC /* ItemListView.swift */ = {isa = PBXFileReference; lastKnownFileType = sourcecode.swift; path = ItemListView.swift; sourceTree = "<group>"; };
		4644F33427C8F28F0096B1EC /* ProjectSummaryView.swift */ = {isa = PBXFileReference; lastKnownFileType = sourcecode.swift; path = ProjectSummaryView.swift; sourceTree = "<group>"; };
		4649861C27BD3D3300EBCEA8 /* Award.swift */ = {isa = PBXFileReference; lastKnownFileType = sourcecode.swift; path = Award.swift; sourceTree = "<group>"; };
		4649861E27BD3DC800EBCEA8 /* AwardsView.swift */ = {isa = PBXFileReference; lastKnownFileType = sourcecode.swift; path = AwardsView.swift; sourceTree = "<group>"; };
		46498B1F27CECBC400461C04 /* UltimatePortfolioTests.xctest */ = {isa = PBXFileReference; explicitFileType = wrapper.cfbundle; includeInIndex = 0; path = UltimatePortfolioTests.xctest; sourceTree = BUILT_PRODUCTS_DIR; };
		46498B2127CECBC400461C04 /* UltimatePortfolioTests.swift */ = {isa = PBXFileReference; lastKnownFileType = sourcecode.swift; path = UltimatePortfolioTests.swift; sourceTree = "<group>"; };
		46498B2827CECD3900461C04 /* AssetTests.swift */ = {isa = PBXFileReference; lastKnownFileType = sourcecode.swift; path = AssetTests.swift; sourceTree = "<group>"; };
		46498B2A27CFB67200461C04 /* ProjectTests.swift */ = {isa = PBXFileReference; lastKnownFileType = sourcecode.swift; name = ProjectTests.swift; path = UltimatePortfolioTests/ProjectTests.swift; sourceTree = SOURCE_ROOT; };
		46498B2C27CFB91A00461C04 /* AwardTests.swift */ = {isa = PBXFileReference; lastKnownFileType = sourcecode.swift; path = AwardTests.swift; sourceTree = "<group>"; };
		464AB13027B2AD4600837D9C /* ProjectHeaderView.swift */ = {isa = PBXFileReference; lastKnownFileType = sourcecode.swift; path = ProjectHeaderView.swift; sourceTree = "<group>"; };
		464AB13227B2B03200837D9C /* Colors.xcassets */ = {isa = PBXFileReference; lastKnownFileType = folder.assetcatalog; path = Colors.xcassets; sourceTree = "<group>"; };
		4657ED9F27C1FC01004A062C /* en */ = {isa = PBXFileReference; lastKnownFileType = text.plist.strings; name = en; path = en.lproj/Localizable.strings; sourceTree = "<group>"; };
		4657EDA127C1FC0D004A062C /* ja */ = {isa = PBXFileReference; lastKnownFileType = text.plist.strings; name = ja; path = ja.lproj/Localizable.strings; sourceTree = "<group>"; };
		4657EDA327C20ED3004A062C /* en */ = {isa = PBXFileReference; lastKnownFileType = text.plist.stringsdict; name = en; path = en.lproj/Localizable.stringsdict; sourceTree = "<group>"; };
		4657EDA527C20ED4004A062C /* ja */ = {isa = PBXFileReference; lastKnownFileType = text.plist.stringsdict; name = ja; path = ja.lproj/Localizable.stringsdict; sourceTree = "<group>"; };
		4657EDA727C20FAB004A062C /* en */ = {isa = PBXFileReference; lastKnownFileType = text.json; name = en; path = en.lproj/Awards.json; sourceTree = "<group>"; };
		4657EDA927C20FAE004A062C /* ja */ = {isa = PBXFileReference; lastKnownFileType = text.json; name = ja; path = ja.lproj/Awards.json; sourceTree = "<group>"; };
		4675E95127D0E55600899430 /* DevelopmentTests.swift */ = {isa = PBXFileReference; lastKnownFileType = sourcecode.swift; name = DevelopmentTests.swift; path = UltimatePortfolioTests/DevelopmentTests.swift; sourceTree = SOURCE_ROOT; };
		469001042786BDA700D0E6AF /* UltimatePortfolio.app */ = {isa = PBXFileReference; explicitFileType = wrapper.application; includeInIndex = 0; path = UltimatePortfolio.app; sourceTree = BUILT_PRODUCTS_DIR; };
		469001072786BDA700D0E6AF /* UltimatePortfolioApp.swift */ = {isa = PBXFileReference; lastKnownFileType = sourcecode.swift; path = UltimatePortfolioApp.swift; sourceTree = "<group>"; };
		469001092786BDA700D0E6AF /* ContentView.swift */ = {isa = PBXFileReference; lastKnownFileType = sourcecode.swift; path = ContentView.swift; sourceTree = "<group>"; };
		4690010B2786BDA800D0E6AF /* Assets.xcassets */ = {isa = PBXFileReference; lastKnownFileType = folder.assetcatalog; path = Assets.xcassets; sourceTree = "<group>"; };
		4690010E2786BDA800D0E6AF /* Preview Assets.xcassets */ = {isa = PBXFileReference; lastKnownFileType = folder.assetcatalog; path = "Preview Assets.xcassets"; sourceTree = "<group>"; };
		469001162786C16700D0E6AF /* Main.xcdatamodel */ = {isa = PBXFileReference; lastKnownFileType = wrapper.xcdatamodel; path = Main.xcdatamodel; sourceTree = "<group>"; };
		469001182786C60800D0E6AF /* DataController.swift */ = {isa = PBXFileReference; lastKnownFileType = sourcecode.swift; path = DataController.swift; sourceTree = "<group>"; };
		4690011A2786CCA700D0E6AF /* UltimatePortfolio.entitlements */ = {isa = PBXFileReference; lastKnownFileType = text.plist.entitlements; path = UltimatePortfolio.entitlements; sourceTree = "<group>"; };
		4690011B2786CCAF00D0E6AF /* Info.plist */ = {isa = PBXFileReference; lastKnownFileType = text.plist.xml; path = Info.plist; sourceTree = "<group>"; };
		4690011D2786CCCC00D0E6AF /* CloudKit.framework */ = {isa = PBXFileReference; lastKnownFileType = wrapper.framework; name = CloudKit.framework; path = System/Library/Frameworks/CloudKit.framework; sourceTree = SDKROOT; };
/* End PBXFileReference section */

/* Begin PBXFrameworksBuildPhase section */
		46498B1C27CECBC400461C04 /* Frameworks */ = {
			isa = PBXFrameworksBuildPhase;
			buildActionMask = 2147483647;
			files = (
			);
			runOnlyForDeploymentPostprocessing = 0;
		};
		469001012786BDA700D0E6AF /* Frameworks */ = {
			isa = PBXFrameworksBuildPhase;
			buildActionMask = 2147483647;
			files = (
				4690011E2786CCCC00D0E6AF /* CloudKit.framework in Frameworks */,
			);
			runOnlyForDeploymentPostprocessing = 0;
		};
/* End PBXFrameworksBuildPhase section */

/* Begin PBXGroup section */
		46498B2027CECBC400461C04 /* UltimatePortfolioTests */ = {
			isa = PBXGroup;
			children = (
				46498B2127CECBC400461C04 /* UltimatePortfolioTests.swift */,
				46498B2827CECD3900461C04 /* AssetTests.swift */,
				46498B2A27CFB67200461C04 /* ProjectTests.swift */,
				46498B2C27CFB91A00461C04 /* AwardTests.swift */,
				4675E95127D0E55600899430 /* DevelopmentTests.swift */,
			);
			path = UltimatePortfolioTests;
			sourceTree = "<group>";
		};
		469000FB2786BDA700D0E6AF = {
			isa = PBXGroup;
			children = (
				469001062786BDA700D0E6AF /* UltimatePortfolio */,
				46498B2027CECBC400461C04 /* UltimatePortfolioTests */,
				469001052786BDA700D0E6AF /* Products */,
				4690011C2786CCCC00D0E6AF /* Frameworks */,
			);
			sourceTree = "<group>";
		};
		469001052786BDA700D0E6AF /* Products */ = {
			isa = PBXGroup;
			children = (
				469001042786BDA700D0E6AF /* UltimatePortfolio.app */,
				46498B1F27CECBC400461C04 /* UltimatePortfolioTests.xctest */,
			);
			name = Products;
			sourceTree = "<group>";
		};
		469001062786BDA700D0E6AF /* UltimatePortfolio */ = {
			isa = PBXGroup;
			children = (
				469C540227CE5C9900FCB3D3 /* Activities */,
				469C540127CE5ACC00FCB3D3 /* Configuration */,
				469C540027CE5AB500FCB3D3 /* Localization */,
				469C53FF27CE5AAD00FCB3D3 /* Extensions */,
				469001072786BDA700D0E6AF /* UltimatePortfolioApp.swift */,
				469001092786BDA700D0E6AF /* ContentView.swift */,
				469001182786C60800D0E6AF /* DataController.swift */,
				4690010B2786BDA800D0E6AF /* Assets.xcassets */,
				464AB13227B2B03200837D9C /* Colors.xcassets */,
				4690010D2786BDA800D0E6AF /* Preview Content */,
			);
			path = UltimatePortfolio;
			sourceTree = "<group>";
		};
		4690010D2786BDA800D0E6AF /* Preview Content */ = {
			isa = PBXGroup;
			children = (
				4690010E2786BDA800D0E6AF /* Preview Assets.xcassets */,
			);
			path = "Preview Content";
			sourceTree = "<group>";
		};
		4690011C2786CCCC00D0E6AF /* Frameworks */ = {
			isa = PBXGroup;
			children = (
				4690011D2786CCCC00D0E6AF /* CloudKit.framework */,
			);
			name = Frameworks;
			sourceTree = "<group>";
		};
		469C53FF27CE5AAD00FCB3D3 /* Extensions */ = {
			isa = PBXGroup;
			children = (
				4636941327AAA9050088C9C5 /* Project-CoreDataHelpers.swift */,
				4636941127AAA81A0088C9C5 /* Item-CoreDataHelpers.swift */,
				462DD69327B9B43C00DF6E11 /* Bundle-Decodable.swift */,
				462F9B4827B011EF00EFE901 /* Binding-OnChange.swift */,
				463A124F27BF0488003828B4 /* Color-Addition.swift */,
				462B498327B6B21600737E45 /* Sequence-Sorting.swift */,
			);
			path = Extensions;
			sourceTree = "<group>";
		};
		469C540027CE5AB500FCB3D3 /* Localization */ = {
			isa = PBXGroup;
			children = (
				4657EDA427C20ED3004A062C /* Localizable.stringsdict */,
				4657EDA027C1FC01004A062C /* Localizable.strings */,
			);
			path = Localization;
			sourceTree = "<group>";
		};
		469C540127CE5ACC00FCB3D3 /* Configuration */ = {
			isa = PBXGroup;
			children = (
				4690011B2786CCAF00D0E6AF /* Info.plist */,
				469001152786C16700D0E6AF /* Main.xcdatamodeld */,
				4690011A2786CCA700D0E6AF /* UltimatePortfolio.entitlements */,
			);
			path = Configuration;
			sourceTree = "<group>";
		};
		469C540227CE5C9900FCB3D3 /* Activities */ = {
			isa = PBXGroup;
			children = (
				469C540327CE5CB900FCB3D3 /* Home */,
				469C540427CE5CBF00FCB3D3 /* Projects */,
				469C540527CE5CC500FCB3D3 /* Awards */,
			);
			path = Activities;
			sourceTree = "<group>";
		};
		469C540327CE5CB900FCB3D3 /* Home */ = {
			isa = PBXGroup;
			children = (
				46387EF327888DF5006A38A4 /* HomeView.swift */,
				4644F33227C8F1770096B1EC /* ItemListView.swift */,
				4644F33427C8F28F0096B1EC /* ProjectSummaryView.swift */,
			);
			path = Home;
			sourceTree = "<group>";
		};
		469C540427CE5CBF00FCB3D3 /* Projects */ = {
			isa = PBXGroup;
			children = (
				46387EF527888E67006A38A4 /* ProjectView.swift */,
				462DD69127B9B0C100DF6E11 /* SelectSomethingView.swift */,
				464AB13027B2AD4600837D9C /* ProjectHeaderView.swift */,
				46405F1827AD75E2009DA1F7 /* ItemRowView.swift */,
				4634C1BC27B34DF400D0D317 /* EditProjectView.swift */,
				46405F1627AD6740009DA1F7 /* EditItemView.swift */,
			);
			path = Projects;
			sourceTree = "<group>";
		};
		469C540527CE5CC500FCB3D3 /* Awards */ = {
			isa = PBXGroup;
			children = (
				4649861E27BD3DC800EBCEA8 /* AwardsView.swift */,
				4649861C27BD3D3300EBCEA8 /* Award.swift */,
				4657EDA827C20FAB004A062C /* Awards.json */,
			);
			path = Awards;
			sourceTree = "<group>";
		};
/* End PBXGroup section */

/* Begin PBXNativeTarget section */
		46498B1E27CECBC400461C04 /* UltimatePortfolioTests */ = {
			isa = PBXNativeTarget;
			buildConfigurationList = 46498B2727CECBC400461C04 /* Build configuration list for PBXNativeTarget "UltimatePortfolioTests" */;
			buildPhases = (
				46498B1B27CECBC400461C04 /* Sources */,
				46498B1C27CECBC400461C04 /* Frameworks */,
				46498B1D27CECBC400461C04 /* Resources */,
			);
			buildRules = (
			);
			dependencies = (
				46498B2427CECBC400461C04 /* PBXTargetDependency */,
			);
			name = UltimatePortfolioTests;
			productName = UltimatePortfolioTests;
			productReference = 46498B1F27CECBC400461C04 /* UltimatePortfolioTests.xctest */;
			productType = "com.apple.product-type.bundle.unit-test";
		};
		469001032786BDA700D0E6AF /* UltimatePortfolio */ = {
			isa = PBXNativeTarget;
			buildConfigurationList = 469001122786BDA800D0E6AF /* Build configuration list for PBXNativeTarget "UltimatePortfolio" */;
			buildPhases = (
				469BD22A27CB9D1000E8EE45 /* SwiftLint */,
				469001002786BDA700D0E6AF /* Sources */,
				469001012786BDA700D0E6AF /* Frameworks */,
				469001022786BDA700D0E6AF /* Resources */,
			);
			buildRules = (
			);
			dependencies = (
			);
			name = UltimatePortfolio;
			productName = UltimatePortfolio;
			productReference = 469001042786BDA700D0E6AF /* UltimatePortfolio.app */;
			productType = "com.apple.product-type.application";
		};
/* End PBXNativeTarget section */

/* Begin PBXProject section */
		469000FC2786BDA700D0E6AF /* Project object */ = {
			isa = PBXProject;
			attributes = {
				BuildIndependentTargetsInParallel = 1;
				LastSwiftUpdateCheck = 1300;
				LastUpgradeCheck = 1300;
				TargetAttributes = {
					46498B1E27CECBC400461C04 = {
						CreatedOnToolsVersion = 13.0;
						TestTargetID = 469001032786BDA700D0E6AF;
					};
					469001032786BDA700D0E6AF = {
						CreatedOnToolsVersion = 13.0;
					};
				};
			};
			buildConfigurationList = 469000FF2786BDA700D0E6AF /* Build configuration list for PBXProject "UltimatePortfolio" */;
			compatibilityVersion = "Xcode 13.0";
			developmentRegion = en;
			hasScannedForEncodings = 0;
			knownRegions = (
				en,
				Base,
				ja,
			);
			mainGroup = 469000FB2786BDA700D0E6AF;
			productRefGroup = 469001052786BDA700D0E6AF /* Products */;
			projectDirPath = "";
			projectRoot = "";
			targets = (
				469001032786BDA700D0E6AF /* UltimatePortfolio */,
				46498B1E27CECBC400461C04 /* UltimatePortfolioTests */,
			);
		};
/* End PBXProject section */

/* Begin PBXResourcesBuildPhase section */
		46498B1D27CECBC400461C04 /* Resources */ = {
			isa = PBXResourcesBuildPhase;
			buildActionMask = 2147483647;
			files = (
			);
			runOnlyForDeploymentPostprocessing = 0;
		};
		469001022786BDA700D0E6AF /* Resources */ = {
			isa = PBXResourcesBuildPhase;
			buildActionMask = 2147483647;
			files = (
				4657ED9E27C1FC01004A062C /* Localizable.strings in Resources */,
				464AB13327B2B03200837D9C /* Colors.xcassets in Resources */,
				4657EDA627C20FAB004A062C /* Awards.json in Resources */,
				4690010F2786BDA800D0E6AF /* Preview Assets.xcassets in Resources */,
				4690010C2786BDA800D0E6AF /* Assets.xcassets in Resources */,
				4657EDA227C20ED3004A062C /* Localizable.stringsdict in Resources */,
			);
			runOnlyForDeploymentPostprocessing = 0;
		};
/* End PBXResourcesBuildPhase section */

/* Begin PBXShellScriptBuildPhase section */
		469BD22A27CB9D1000E8EE45 /* SwiftLint */ = {
			isa = PBXShellScriptBuildPhase;
			buildActionMask = 2147483647;
			files = (
			);
			inputFileListPaths = (
			);
			inputPaths = (
			);
			name = SwiftLint;
			outputFileListPaths = (
			);
			outputPaths = (
			);
			runOnlyForDeploymentPostprocessing = 0;
			shellPath = /bin/sh;
			shellScript = "export PATH=\"$PATH:/opt/homebrew/bin\"\n\nif which swiftlint >/dev/null; then\n  swiftlint\nelse\n  echo \"warning: SwiftLint not installed, download from https://github.com/realm/SwiftLint\"\nfi\n";
		};
/* End PBXShellScriptBuildPhase section */

/* Begin PBXSourcesBuildPhase section */
		46498B1B27CECBC400461C04 /* Sources */ = {
			isa = PBXSourcesBuildPhase;
			buildActionMask = 2147483647;
			files = (
				46498B2927CECD3900461C04 /* AssetTests.swift in Sources */,
				46498B2D27CFB91A00461C04 /* AwardTests.swift in Sources */,
				46498B2227CECBC400461C04 /* UltimatePortfolioTests.swift in Sources */,
				46498B2B27CFB67200461C04 /* ProjectTests.swift in Sources */,
				4675E95227D0E55600899430 /* DevelopmentTests.swift in Sources */,
			);
			runOnlyForDeploymentPostprocessing = 0;
		};
		469001002786BDA700D0E6AF /* Sources */ = {
			isa = PBXSourcesBuildPhase;
			buildActionMask = 2147483647;
			files = (
				46387EF627888E67006A38A4 /* ProjectView.swift in Sources */,
				4644F33527C8F28F0096B1EC /* ProjectSummaryView.swift in Sources */,
				464AB13127B2AD4600837D9C /* ProjectHeaderView.swift in Sources */,
				4649861F27BD3DC800EBCEA8 /* AwardsView.swift in Sources */,
				469001172786C16700D0E6AF /* Main.xcdatamodeld in Sources */,
				4636941427AAA9050088C9C5 /* Project-CoreDataHelpers.swift in Sources */,
				4634C1BD27B34DF400D0D317 /* EditProjectView.swift in Sources */,
				469001192786C60800D0E6AF /* DataController.swift in Sources */,
				462DD69227B9B0C100DF6E11 /* SelectSomethingView.swift in Sources */,
				4649861D27BD3D3300EBCEA8 /* Award.swift in Sources */,
				4690010A2786BDA700D0E6AF /* ContentView.swift in Sources */,
				46387EF427888DF5006A38A4 /* HomeView.swift in Sources */,
				462F9B4927B011EF00EFE901 /* Binding-OnChange.swift in Sources */,
				462B498427B6B21600737E45 /* Sequence-Sorting.swift in Sources */,
				462DD69427B9B43C00DF6E11 /* Bundle-Decodable.swift in Sources */,
				463A125027BF0488003828B4 /* Color-Addition.swift in Sources */,
				4644F33327C8F1770096B1EC /* ItemListView.swift in Sources */,
				469001082786BDA700D0E6AF /* UltimatePortfolioApp.swift in Sources */,
				46405F1927AD75E2009DA1F7 /* ItemRowView.swift in Sources */,
				4636941227AAA81A0088C9C5 /* Item-CoreDataHelpers.swift in Sources */,
				46405F1727AD6740009DA1F7 /* EditItemView.swift in Sources */,
			);
			runOnlyForDeploymentPostprocessing = 0;
		};
/* End PBXSourcesBuildPhase section */

/* Begin PBXTargetDependency section */
		46498B2427CECBC400461C04 /* PBXTargetDependency */ = {
			isa = PBXTargetDependency;
			target = 469001032786BDA700D0E6AF /* UltimatePortfolio */;
			targetProxy = 46498B2327CECBC400461C04 /* PBXContainerItemProxy */;
		};
/* End PBXTargetDependency section */

/* Begin PBXVariantGroup section */
		4657EDA027C1FC01004A062C /* Localizable.strings */ = {
			isa = PBXVariantGroup;
			children = (
				4657ED9F27C1FC01004A062C /* en */,
				4657EDA127C1FC0D004A062C /* ja */,
			);
			name = Localizable.strings;
			sourceTree = "<group>";
		};
		4657EDA427C20ED3004A062C /* Localizable.stringsdict */ = {
			isa = PBXVariantGroup;
			children = (
				4657EDA327C20ED3004A062C /* en */,
				4657EDA527C20ED4004A062C /* ja */,
			);
			name = Localizable.stringsdict;
			sourceTree = "<group>";
		};
		4657EDA827C20FAB004A062C /* Awards.json */ = {
			isa = PBXVariantGroup;
			children = (
				4657EDA727C20FAB004A062C /* en */,
				4657EDA927C20FAE004A062C /* ja */,
			);
			name = Awards.json;
			sourceTree = "<group>";
		};
/* End PBXVariantGroup section */

/* Begin XCBuildConfiguration section */
		46498B2527CECBC400461C04 /* Debug */ = {
			isa = XCBuildConfiguration;
			buildSettings = {
				BUNDLE_LOADER = "$(TEST_HOST)";
				CODE_SIGN_STYLE = Automatic;
				CURRENT_PROJECT_VERSION = 1;
				DEVELOPMENT_TEAM = BV68V66Y4K;
				GENERATE_INFOPLIST_FILE = YES;
				LD_RUNPATH_SEARCH_PATHS = (
					"$(inherited)",
					"@executable_path/Frameworks",
					"@loader_path/Frameworks",
				);
				MARKETING_VERSION = 1.0;
				PRODUCT_BUNDLE_IDENTIFIER = com.koupen.UltimatePortfolioTests;
				PRODUCT_NAME = "$(TARGET_NAME)";
				SWIFT_EMIT_LOC_STRINGS = NO;
				SWIFT_VERSION = 5.0;
				TARGETED_DEVICE_FAMILY = "1,2";
				TEST_HOST = "$(BUILT_PRODUCTS_DIR)/UltimatePortfolio.app/UltimatePortfolio";
			};
			name = Debug;
		};
		46498B2627CECBC400461C04 /* Release */ = {
			isa = XCBuildConfiguration;
			buildSettings = {
				BUNDLE_LOADER = "$(TEST_HOST)";
				CODE_SIGN_STYLE = Automatic;
				CURRENT_PROJECT_VERSION = 1;
				DEVELOPMENT_TEAM = BV68V66Y4K;
				GENERATE_INFOPLIST_FILE = YES;
				LD_RUNPATH_SEARCH_PATHS = (
					"$(inherited)",
					"@executable_path/Frameworks",
					"@loader_path/Frameworks",
				);
				MARKETING_VERSION = 1.0;
				PRODUCT_BUNDLE_IDENTIFIER = com.koupen.UltimatePortfolioTests;
				PRODUCT_NAME = "$(TARGET_NAME)";
				SWIFT_EMIT_LOC_STRINGS = NO;
				SWIFT_VERSION = 5.0;
				TARGETED_DEVICE_FAMILY = "1,2";
				TEST_HOST = "$(BUILT_PRODUCTS_DIR)/UltimatePortfolio.app/UltimatePortfolio";
			};
			name = Release;
		};
		469001102786BDA800D0E6AF /* Debug */ = {
			isa = XCBuildConfiguration;
			buildSettings = {
				ALWAYS_SEARCH_USER_PATHS = NO;
				CLANG_ANALYZER_NONNULL = YES;
				CLANG_ANALYZER_NUMBER_OBJECT_CONVERSION = YES_AGGRESSIVE;
				CLANG_CXX_LANGUAGE_STANDARD = "gnu++17";
				CLANG_CXX_LIBRARY = "libc++";
				CLANG_ENABLE_MODULES = YES;
				CLANG_ENABLE_OBJC_ARC = YES;
				CLANG_ENABLE_OBJC_WEAK = YES;
				CLANG_WARN_BLOCK_CAPTURE_AUTORELEASING = YES;
				CLANG_WARN_BOOL_CONVERSION = YES;
				CLANG_WARN_COMMA = YES;
				CLANG_WARN_CONSTANT_CONVERSION = YES;
				CLANG_WARN_DEPRECATED_OBJC_IMPLEMENTATIONS = YES;
				CLANG_WARN_DIRECT_OBJC_ISA_USAGE = YES_ERROR;
				CLANG_WARN_DOCUMENTATION_COMMENTS = YES;
				CLANG_WARN_EMPTY_BODY = YES;
				CLANG_WARN_ENUM_CONVERSION = YES;
				CLANG_WARN_INFINITE_RECURSION = YES;
				CLANG_WARN_INT_CONVERSION = YES;
				CLANG_WARN_NON_LITERAL_NULL_CONVERSION = YES;
				CLANG_WARN_OBJC_IMPLICIT_RETAIN_SELF = YES;
				CLANG_WARN_OBJC_LITERAL_CONVERSION = YES;
				CLANG_WARN_OBJC_ROOT_CLASS = YES_ERROR;
				CLANG_WARN_QUOTED_INCLUDE_IN_FRAMEWORK_HEADER = YES;
				CLANG_WARN_RANGE_LOOP_ANALYSIS = YES;
				CLANG_WARN_STRICT_PROTOTYPES = YES;
				CLANG_WARN_SUSPICIOUS_MOVE = YES;
				CLANG_WARN_UNGUARDED_AVAILABILITY = YES_AGGRESSIVE;
				CLANG_WARN_UNREACHABLE_CODE = YES;
				CLANG_WARN__DUPLICATE_METHOD_MATCH = YES;
				COPY_PHASE_STRIP = NO;
				DEBUG_INFORMATION_FORMAT = dwarf;
				ENABLE_STRICT_OBJC_MSGSEND = YES;
				ENABLE_TESTABILITY = YES;
				GCC_C_LANGUAGE_STANDARD = gnu11;
				GCC_DYNAMIC_NO_PIC = NO;
				GCC_NO_COMMON_BLOCKS = YES;
				GCC_OPTIMIZATION_LEVEL = 0;
				GCC_PREPROCESSOR_DEFINITIONS = (
					"DEBUG=1",
					"$(inherited)",
				);
				GCC_WARN_64_TO_32_BIT_CONVERSION = YES;
				GCC_WARN_ABOUT_RETURN_TYPE = YES_ERROR;
				GCC_WARN_UNDECLARED_SELECTOR = YES;
				GCC_WARN_UNINITIALIZED_AUTOS = YES_AGGRESSIVE;
				GCC_WARN_UNUSED_FUNCTION = YES;
				GCC_WARN_UNUSED_VARIABLE = YES;
				IPHONEOS_DEPLOYMENT_TARGET = 15.0;
				MTL_ENABLE_DEBUG_INFO = INCLUDE_SOURCE;
				MTL_FAST_MATH = YES;
				ONLY_ACTIVE_ARCH = YES;
				SDKROOT = iphoneos;
				SWIFT_ACTIVE_COMPILATION_CONDITIONS = DEBUG;
				SWIFT_OPTIMIZATION_LEVEL = "-Onone";
			};
			name = Debug;
		};
		469001112786BDA800D0E6AF /* Release */ = {
			isa = XCBuildConfiguration;
			buildSettings = {
				ALWAYS_SEARCH_USER_PATHS = NO;
				CLANG_ANALYZER_NONNULL = YES;
				CLANG_ANALYZER_NUMBER_OBJECT_CONVERSION = YES_AGGRESSIVE;
				CLANG_CXX_LANGUAGE_STANDARD = "gnu++17";
				CLANG_CXX_LIBRARY = "libc++";
				CLANG_ENABLE_MODULES = YES;
				CLANG_ENABLE_OBJC_ARC = YES;
				CLANG_ENABLE_OBJC_WEAK = YES;
				CLANG_WARN_BLOCK_CAPTURE_AUTORELEASING = YES;
				CLANG_WARN_BOOL_CONVERSION = YES;
				CLANG_WARN_COMMA = YES;
				CLANG_WARN_CONSTANT_CONVERSION = YES;
				CLANG_WARN_DEPRECATED_OBJC_IMPLEMENTATIONS = YES;
				CLANG_WARN_DIRECT_OBJC_ISA_USAGE = YES_ERROR;
				CLANG_WARN_DOCUMENTATION_COMMENTS = YES;
				CLANG_WARN_EMPTY_BODY = YES;
				CLANG_WARN_ENUM_CONVERSION = YES;
				CLANG_WARN_INFINITE_RECURSION = YES;
				CLANG_WARN_INT_CONVERSION = YES;
				CLANG_WARN_NON_LITERAL_NULL_CONVERSION = YES;
				CLANG_WARN_OBJC_IMPLICIT_RETAIN_SELF = YES;
				CLANG_WARN_OBJC_LITERAL_CONVERSION = YES;
				CLANG_WARN_OBJC_ROOT_CLASS = YES_ERROR;
				CLANG_WARN_QUOTED_INCLUDE_IN_FRAMEWORK_HEADER = YES;
				CLANG_WARN_RANGE_LOOP_ANALYSIS = YES;
				CLANG_WARN_STRICT_PROTOTYPES = YES;
				CLANG_WARN_SUSPICIOUS_MOVE = YES;
				CLANG_WARN_UNGUARDED_AVAILABILITY = YES_AGGRESSIVE;
				CLANG_WARN_UNREACHABLE_CODE = YES;
				CLANG_WARN__DUPLICATE_METHOD_MATCH = YES;
				COPY_PHASE_STRIP = NO;
				DEBUG_INFORMATION_FORMAT = "dwarf-with-dsym";
				ENABLE_NS_ASSERTIONS = NO;
				ENABLE_STRICT_OBJC_MSGSEND = YES;
				GCC_C_LANGUAGE_STANDARD = gnu11;
				GCC_NO_COMMON_BLOCKS = YES;
				GCC_WARN_64_TO_32_BIT_CONVERSION = YES;
				GCC_WARN_ABOUT_RETURN_TYPE = YES_ERROR;
				GCC_WARN_UNDECLARED_SELECTOR = YES;
				GCC_WARN_UNINITIALIZED_AUTOS = YES_AGGRESSIVE;
				GCC_WARN_UNUSED_FUNCTION = YES;
				GCC_WARN_UNUSED_VARIABLE = YES;
				IPHONEOS_DEPLOYMENT_TARGET = 15.0;
				MTL_ENABLE_DEBUG_INFO = NO;
				MTL_FAST_MATH = YES;
				SDKROOT = iphoneos;
				SWIFT_COMPILATION_MODE = wholemodule;
				SWIFT_OPTIMIZATION_LEVEL = "-O";
				VALIDATE_PRODUCT = YES;
			};
			name = Release;
		};
		469001132786BDA800D0E6AF /* Debug */ = {
			isa = XCBuildConfiguration;
			buildSettings = {
				ASSETCATALOG_COMPILER_APPICON_NAME = AppIcon;
				ASSETCATALOG_COMPILER_GLOBAL_ACCENT_COLOR_NAME = AccentColor;
				CODE_SIGN_ENTITLEMENTS = UltimatePortfolio/Configuration/UltimatePortfolio.entitlements;
				CODE_SIGN_STYLE = Automatic;
				CURRENT_PROJECT_VERSION = 1;
				DEVELOPMENT_ASSET_PATHS = "\"UltimatePortfolio/Preview Content\"";
				DEVELOPMENT_TEAM = BV68V66Y4K;
				ENABLE_PREVIEWS = YES;
				GENERATE_INFOPLIST_FILE = YES;
				INFOPLIST_FILE = UltimatePortfolio/Configuration/Info.plist;
				INFOPLIST_KEY_UIApplicationSceneManifest_Generation = YES;
				INFOPLIST_KEY_UIApplicationSupportsIndirectInputEvents = YES;
				INFOPLIST_KEY_UILaunchScreen_Generation = YES;
				INFOPLIST_KEY_UISupportedInterfaceOrientations_iPad = "UIInterfaceOrientationPortrait UIInterfaceOrientationPortraitUpsideDown UIInterfaceOrientationLandscapeLeft UIInterfaceOrientationLandscapeRight";
				INFOPLIST_KEY_UISupportedInterfaceOrientations_iPhone = "UIInterfaceOrientationPortrait UIInterfaceOrientationLandscapeLeft UIInterfaceOrientationLandscapeRight";
				IPHONEOS_DEPLOYMENT_TARGET = 14.0;
				LD_RUNPATH_SEARCH_PATHS = (
					"$(inherited)",
					"@executable_path/Frameworks",
				);
				MARKETING_VERSION = 1.0;
				PRODUCT_BUNDLE_IDENTIFIER = com.koupen.UltimatePortfolio;
				PRODUCT_NAME = "$(TARGET_NAME)";
				SWIFT_EMIT_LOC_STRINGS = YES;
				SWIFT_VERSION = 5.0;
				TARGETED_DEVICE_FAMILY = "1,2";
			};
			name = Debug;
		};
		469001142786BDA800D0E6AF /* Release */ = {
			isa = XCBuildConfiguration;
			buildSettings = {
				ASSETCATALOG_COMPILER_APPICON_NAME = AppIcon;
				ASSETCATALOG_COMPILER_GLOBAL_ACCENT_COLOR_NAME = AccentColor;
				CODE_SIGN_ENTITLEMENTS = UltimatePortfolio/Configuration/UltimatePortfolio.entitlements;
				CODE_SIGN_STYLE = Automatic;
				CURRENT_PROJECT_VERSION = 1;
				DEVELOPMENT_ASSET_PATHS = "\"UltimatePortfolio/Preview Content\"";
				DEVELOPMENT_TEAM = BV68V66Y4K;
				ENABLE_PREVIEWS = YES;
				GENERATE_INFOPLIST_FILE = YES;
				INFOPLIST_FILE = UltimatePortfolio/Configuration/Info.plist;
				INFOPLIST_KEY_UIApplicationSceneManifest_Generation = YES;
				INFOPLIST_KEY_UIApplicationSupportsIndirectInputEvents = YES;
				INFOPLIST_KEY_UILaunchScreen_Generation = YES;
				INFOPLIST_KEY_UISupportedInterfaceOrientations_iPad = "UIInterfaceOrientationPortrait UIInterfaceOrientationPortraitUpsideDown UIInterfaceOrientationLandscapeLeft UIInterfaceOrientationLandscapeRight";
				INFOPLIST_KEY_UISupportedInterfaceOrientations_iPhone = "UIInterfaceOrientationPortrait UIInterfaceOrientationLandscapeLeft UIInterfaceOrientationLandscapeRight";
				IPHONEOS_DEPLOYMENT_TARGET = 14.0;
				LD_RUNPATH_SEARCH_PATHS = (
					"$(inherited)",
					"@executable_path/Frameworks",
				);
				MARKETING_VERSION = 1.0;
				PRODUCT_BUNDLE_IDENTIFIER = com.koupen.UltimatePortfolio;
				PRODUCT_NAME = "$(TARGET_NAME)";
				SWIFT_EMIT_LOC_STRINGS = YES;
				SWIFT_VERSION = 5.0;
				TARGETED_DEVICE_FAMILY = "1,2";
			};
			name = Release;
		};
/* End XCBuildConfiguration section */

/* Begin XCConfigurationList section */
		46498B2727CECBC400461C04 /* Build configuration list for PBXNativeTarget "UltimatePortfolioTests" */ = {
			isa = XCConfigurationList;
			buildConfigurations = (
				46498B2527CECBC400461C04 /* Debug */,
				46498B2627CECBC400461C04 /* Release */,
			);
			defaultConfigurationIsVisible = 0;
			defaultConfigurationName = Release;
		};
		469000FF2786BDA700D0E6AF /* Build configuration list for PBXProject "UltimatePortfolio" */ = {
			isa = XCConfigurationList;
			buildConfigurations = (
				469001102786BDA800D0E6AF /* Debug */,
				469001112786BDA800D0E6AF /* Release */,
			);
			defaultConfigurationIsVisible = 0;
			defaultConfigurationName = Release;
		};
		469001122786BDA800D0E6AF /* Build configuration list for PBXNativeTarget "UltimatePortfolio" */ = {
			isa = XCConfigurationList;
			buildConfigurations = (
				469001132786BDA800D0E6AF /* Debug */,
				469001142786BDA800D0E6AF /* Release */,
			);
			defaultConfigurationIsVisible = 0;
			defaultConfigurationName = Release;
		};
/* End XCConfigurationList section */

/* Begin XCVersionGroup section */
		469001152786C16700D0E6AF /* Main.xcdatamodeld */ = {
			isa = XCVersionGroup;
			children = (
				469001162786C16700D0E6AF /* Main.xcdatamodel */,
			);
			currentVersion = 469001162786C16700D0E6AF /* Main.xcdatamodel */;
			path = Main.xcdatamodeld;
			sourceTree = "<group>";
			versionGroupType = wrapper.xcdatamodel;
		};
/* End XCVersionGroup section */
	};
	rootObject = 469000FC2786BDA700D0E6AF /* Project object */;
}
